PODS:
  - AEOTPTextField (1.2.6)
  - Alamofire (5.8.1)
  - AlertToast (1.3.9)
  - AZDialogView (1.3.8)
  - BSGridCollectionViewLayout (1.2.5)
  - BSImagePicker (2.10.3):
    - BSGridCollectionViewLayout (= 1.2.5)
    - BSImageView (= 1.0.3)
  - BSImageView (1.0.3)
  - CollieGallery (0.6.0)
  - Cosmos (25.0.1)
  - CRRefresh (1.1.3)
  - CustomLoader (1.1.0)
  - DDHTimerControl (1.0.0)
  - DropDown (2.3.13)
  - Drops (1.7.0)
  - EFInternetIndicator (0.4.0):
    - EFInternetIndicator/Interface (= 0.4.0)
  - EFInternetIndicator/Interface (0.4.0):
    - SwiftMessages
  - EmptyDataSet-Swift (5.0.0)
  - EPSignature (1.0.6)
  - FCAlertView (1.4.0)
  - FSPagerView (0.8.3)
  - GravitySliderFlowLayout (1.0)
  - GTProgressBar (0.3.3)
  - HMSegmentedControl (1.5.6)
  - LIHImageSlider (1.0.8)
  - lottie-ios (4.4.1)
  - MBRadioCheckboxButton (2.0)
  - MHLoadingButton (0.1.3)
  - MobilliumQRCodeReader (1.1.1)
  - MXPagerView (0.2.1)
  - MXParallaxHeader (1.1.0)
  - MXSegmentedControl (1.1.0)
  - MXSegmentedPager (4.0.0):
    - MXPagerView (~> 0.2)
    - MXParallaxHeader (~> 1.0)
    - MXSegmentedControl (~> 1.1)
  - MZTimerLabel (0.5.4)
  - Navajo-Swift (2.1.0)
  - PhoneNumberKit (3.7.8):
    - PhoneNumberKit/PhoneNumberKitCore (= 3.7.8)
    - PhoneNumberKit/UIKit (= 3.7.8)
  - PhoneNumberKit/PhoneNumberKitCore (3.7.8)
  - PhoneNumberKit/UIKit (3.7.8):
    - PhoneNumberKit/PhoneNumberKitCore
  - PSMeter (0.1.5):
    - GTProgressBar
    - Navajo-Swift
  - PullToDismissTransition (0.7.10)
  - PureLayout (3.1.9)
  - RadioButton (1.0)
  - RSLoadingView (1.1.3)
  - ScrollingPageControl (0.1.2)
  - SDWebImage (5.19.0):
    - SDWebImage/Core (= 5.19.0)
  - SDWebImage/Core (5.19.0)
  - Slider2 (0.1.1)
  - SmoothPicker (1.1.3):
    - SnapKit (~> 4.2.0)
  - SnapKit (4.2.0)
  - Starscream (4.0.8)
  - SwiftMessages (10.0.0):
    - SwiftMessages/App (= 10.0.0)
  - SwiftMessages/App (10.0.0)
  - SwiftyJSON (5.0.1)
  - TagsList (0.1.0)
  - TagTextField (1.0.0)
  - Toast-Swift (5.0.1)
  - YoutubePlayer-in-WKWebView (0.3.11)

DEPENDENCIES:
  - AEOTPTextField
  - Alamofire
  - AlertToast
  - AZDialogView
  - BSImagePicker (~> 2.8)
  - CollieGallery
  - Cosmos
  - CRRefresh
  - CustomLoader
  - DDHTimerControl
  - DropDown
  - Drops (from `https://github.com/omaralbeik/Drops.git`, tag `1.7.0`)
  - EFInternetIndicator
  - EmptyDataSet-Swift (~> 5.0.0)
  - EPSignature
  - FCAlertView
  - FSPagerView
  - GravitySliderFlowLayout
  - HMSegmentedControl
  - LIHImageSlider
  - lottie-ios
  - MBRadioCheckboxButton
  - MHLoadingButton
  - MobilliumQRCodeReader
  - MXSegmentedPager
  - MZTimerLabel
  - PhoneNumberKit (~> 3.3)
  - PSMeter
  - PullToDismissTransition
  - PureLayout
  - RadioButton
  - RSLoadingView
  - ScrollingPageControl
  - SDWebImage
  - Slider2
  - SmoothPicker
  - Starscream (~> 4.0.6)
  - SwiftyJSON
  - TagsList
  - TagTextField
  - Toast-Swift (~> 5.0.1)
  - YoutubePlayer-in-WKWebView (~> 0.3.0)

SPEC REPOS:
  https://github.com/CocoaPods/Specs.git:
    - AEOTPTextField
    - Alamofire
    - AlertToast
    - AZDialogView
    - BSGridCollectionViewLayout
    - BSImagePicker
    - BSImageView
    - CollieGallery
    - Cosmos
    - CRRefresh
    - CustomLoader
    - DDHTimerControl
    - DropDown
    - EFInternetIndicator
    - EmptyDataSet-Swift
    - EPSignature
    - FCAlertView
    - FSPagerView
    - GravitySliderFlowLayout
    - GTProgressBar
    - HMSegmentedControl
    - LIHImageSlider
    - lottie-ios
    - MBRadioCheckboxButton
    - MHLoadingButton
    - MobilliumQRCodeReader
    - MXPagerView
    - MXParallaxHeader
    - MXSegmentedControl
    - MXSegmentedPager
    - MZTimerLabel
    - Navajo-Swift
    - PhoneNumberKit
    - PSMeter
    - PullToDismissTransition
    - PureLayout
    - RadioButton
    - RSLoadingView
    - ScrollingPageControl
    - SDWebImage
    - Slider2
    - SmoothPicker
    - SnapKit
    - Starscream
    - SwiftMessages
    - SwiftyJSON
    - TagsList
    - TagTextField
    - Toast-Swift
    - YoutubePlayer-in-WKWebView

EXTERNAL SOURCES:
  Drops:
    :git: https://github.com/omaralbeik/Drops.git
    :tag: 1.7.0

CHECKOUT OPTIONS:
  Drops:
    :git: https://github.com/omaralbeik/Drops.git
    :tag: 1.7.0

SPEC CHECKSUMS:
  AEOTPTextField: a275823fde05601c5da7f8fb66aaecb41289b370
  Alamofire: 3ca42e259043ee0dc5c0cdd76c4bc568b8e42af7
  AlertToast: e8db15da727beff75500bcf33a78cd617f408fa1
  AZDialogView: 5a8d1a9e52f08e1a9cc1b32d304a95880d3197a2
  BSGridCollectionViewLayout: 333dcb457a5a3bdd9212607ab5756553dcfe06cb
  BSImagePicker: 07404254f2fcdaf5a2eb403c0f8c337267ce8738
  BSImageView: a149459433a2687157d034c78e059d30ac7f2544
  CollieGallery: b8fcf63af6b31add2f435f5aee4742ae3b84cb3b
  Cosmos: 02db0a1c953107049bfd2d7af19ceef55ecb7e98
  CRRefresh: 1415d4ae06837fa7bb064c44f2e102f3ef517044
  CustomLoader: 9a2d86bc12480d43a10776c59ca1e51474e2a847
  DDHTimerControl: 5dfe11a9d3cfe70ebe054437ad4ef7e89a99fe2a
  DropDown: 8a2116376c1981888557f72ec2ffc9a5e0e456ec
  Drops: 5155b9ede54a2666b2129ac33f0734509b9f0784
  EFInternetIndicator: a6077679e15191889a783a06624390b73e8109dc
  EmptyDataSet-Swift: eb382c0c87a2d9c678077385a595cec52da38171
  EPSignature: 3fa3b520c80717b98019723faa60a41794b03fbc
  FCAlertView: fdddd63381898c1d1a5a20c9f084fbd2c6d12f8b
  FSPagerView: 670405b2f18e2a87fa37f20b00de783e562c25a8
  GravitySliderFlowLayout: bb9ae6a302b85821c9e0271c00533fae8091143b
  GTProgressBar: a480283ecb0ada50de16c71e634892826928f640
  HMSegmentedControl: 34c1f54d822d8308e7b24f5d901ec674dfa31352
  LIHImageSlider: ddf90c3a07e6f571b0e57629177a49eaf5bf15a3
  lottie-ios: e047b1d2e6239b787cc5e9755b988869cf190494
  MBRadioCheckboxButton: 6e2a2cdc441e292e45b64c4e65eb8fc1fc05eef2
  MHLoadingButton: 13bab47a3ce9d88df15638b7a5b73a8ac9f21077
  MobilliumQRCodeReader: d819ebfb3efdbb8e2c7afd72eab7ccfa57636886
  MXPagerView: ede184b5191b2ed689ccf05a750a9978cce42414
  MXParallaxHeader: de3c867e10ba46e8f6e20c8ee1f2a910372b3b94
  MXSegmentedControl: f39e46199a52cbc03b1c845e150215119f2542f5
  MXSegmentedPager: 527ee76513c96e6607eebe473fe49b7ab4971616
  MZTimerLabel: cd9bfb9304540ef2a9e163384fca9c978f0dbf83
  Navajo-Swift: 57b93e73efbfbf452433efbff04402de56beff51
  PhoneNumberKit: ff3827b9bd8a7ac9744963f241665859091c78ab
  PSMeter: f88995d922170cd37e04ccd19e6af78e800460a5
  PullToDismissTransition: f0cea5041c447545384450aad967a2b2bd5d5f30
  PureLayout: 5fb5e5429519627d60d079ccb1eaa7265ce7cf88
  RadioButton: 7ef053baf6ff0e7f9e777016c28e9ba4e330edba
  RSLoadingView: c7749afdd455229643e8f34277d0695973a15b1a
  ScrollingPageControl: 94dc11078ee5d0cd6c11a1eef46aa181d70b227c
  SDWebImage: 981fd7e860af070920f249fd092420006014c3eb
  Slider2: cc2c685bbf9da6e0e919cbf1aa687374a1c86612
  SmoothPicker: a3f4b3c3a95fff73f20d526856aeff2c32696375
  SnapKit: fe8a619752f3f27075cc9a90244d75c6c3f27e2a
  Starscream: 19b5533ddb925208db698f0ac508a100b884a1b9
  SwiftMessages: d3540f0f981dfbac25bd2ae9a662effa48f76f92
  SwiftyJSON: 2f33a42c6fbc52764d96f13368585094bfd8aa5e
  TagsList: 45f0ded421b9d3af279c56f0609c5343b7010337
  TagTextField: 521d5374944f77b542d485598a192608f52ee6ff
  Toast-Swift: 9b6a70f28b3bf0b96c40d46c0c4b9d6639846711
  YoutubePlayer-in-WKWebView: 2c3aa1d5ad8dded9f95ef12033af5dd8e55864b7

PODFILE CHECKSUM: 516fa22a811a67a88d0a5e8883fdcb20b1d70c5b

COCOAPODS: 1.11.3
